// !$*UTF8*$!
{
	archiveVersion = 1;
	classes = {
	};
	objectVersion = 50;
	objects = {

/* Begin PBXBuildFile section */
		090B6915209F03270095B416 /* AppDelegate.swift in Sources */ = {isa = PBXBuildFile; fileRef = 090B6914209F03270095B416 /* AppDelegate.swift */; };
		090B691A209F03270095B416 /* Main.storyboard in Resources */ = {isa = PBXBuildFile; fileRef = 090B6918209F03270095B416 /* Main.storyboard */; };
		090B691C209F03290095B416 /* Assets.xcassets in Resources */ = {isa = PBXBuildFile; fileRef = 090B691B209F03290095B416 /* Assets.xcassets */; };
		090B691F209F03290095B416 /* LaunchScreen.storyboard in Resources */ = {isa = PBXBuildFile; fileRef = 090B691D209F03290095B416 /* LaunchScreen.storyboard */; };
		090B6944209F03D10095B416 /* AVFoundation.framework in Frameworks */ = {isa = PBXBuildFile; fileRef = 090B6943209F03D10095B416 /* AVFoundation.framework */; };
		090B695C209F3B540095B416 /* LoginViewController.swift in Sources */ = {isa = PBXBuildFile; fileRef = 090B695B209F3B540095B416 /* LoginViewController.swift */; };
		090B695E209F3B8B0095B416 /* TabBarViewController.swift in Sources */ = {isa = PBXBuildFile; fileRef = 090B695D209F3B8B0095B416 /* TabBarViewController.swift */; };
		090B6962209F3BFB0095B416 /* NotificationCenter.swift in Sources */ = {isa = PBXBuildFile; fileRef = 090B6961209F3BFB0095B416 /* NotificationCenter.swift */; };
		090B6964209F3C530095B416 /* UIStoryboard.swift in Sources */ = {isa = PBXBuildFile; fileRef = 090B6963209F3C530095B416 /* UIStoryboard.swift */; };
		090B6968209F3F9A0095B416 /* SettingViewController.swift in Sources */ = {isa = PBXBuildFile; fileRef = 090B6967209F3F9A0095B416 /* SettingViewController.swift */; };
		090B696A209F3FC00095B416 /* CollectionViewController.swift in Sources */ = {isa = PBXBuildFile; fileRef = 090B6969209F3FC00095B416 /* CollectionViewController.swift */; };
		090B696C209F3FD30095B416 /* CardViewController.swift in Sources */ = {isa = PBXBuildFile; fileRef = 090B696B209F3FD30095B416 /* CardViewController.swift */; };
		090B696E209F3FF90095B416 /* Login.storyboard in Resources */ = {isa = PBXBuildFile; fileRef = 090B696D209F3FF90095B416 /* Login.storyboard */; };
		090B6970209F40040095B416 /* Game.storyboard in Resources */ = {isa = PBXBuildFile; fileRef = 090B696F209F40040095B416 /* Game.storyboard */; };
		090B6972209F40130095B416 /* Collection.storyboard in Resources */ = {isa = PBXBuildFile; fileRef = 090B6971209F40130095B416 /* Collection.storyboard */; };
		090B6974209F402C0095B416 /* Card.storyboard in Resources */ = {isa = PBXBuildFile; fileRef = 090B6973209F402C0095B416 /* Card.storyboard */; };
		090B6976209F403C0095B416 /* Setting.storyboard in Resources */ = {isa = PBXBuildFile; fileRef = 090B6975209F403C0095B416 /* Setting.storyboard */; };
		090B6978209F47D10095B416 /* GameViewController.swift in Sources */ = {isa = PBXBuildFile; fileRef = 090B6977209F47D10095B416 /* GameViewController.swift */; };
		090B697A20A00D1C0095B416 /* SpotifyManager.swift in Sources */ = {isa = PBXBuildFile; fileRef = 090B697920A00D1C0095B416 /* SpotifyManager.swift */; };
		090B697C20A153FA0095B416 /* GameMapViewController.swift in Sources */ = {isa = PBXBuildFile; fileRef = 090B697B20A153FA0095B416 /* GameMapViewController.swift */; };
		090B697F20A18E9F0095B416 /* PlayerViewController.swift in Sources */ = {isa = PBXBuildFile; fileRef = 090B697E20A18E9F0095B416 /* PlayerViewController.swift */; };
		090B698120A1907D0095B416 /* PopUpRecordViewController.swift in Sources */ = {isa = PBXBuildFile; fileRef = 090B698020A1907D0095B416 /* PopUpRecordViewController.swift */; };
		0914190820A3388900B7C0F0 /* Record.swift in Sources */ = {isa = PBXBuildFile; fileRef = 0914190720A3388900B7C0F0 /* Record.swift */; };
		0914190A20A3EECA00B7C0F0 /* RecordProvider.swift in Sources */ = {isa = PBXBuildFile; fileRef = 0914190920A3EECA00B7C0F0 /* RecordProvider.swift */; };
		0914190E20A4839500B7C0F0 /* DesignSetting.swift in Sources */ = {isa = PBXBuildFile; fileRef = 0914190D20A4839500B7C0F0 /* DesignSetting.swift */; };
		0914191020A48EB300B7C0F0 /* Player.storyboard in Resources */ = {isa = PBXBuildFile; fileRef = 0914190F20A48EB300B7C0F0 /* Player.storyboard */; };
		0951973C20B1B9C1006E468E /* PlayerPanelView.swift in Sources */ = {isa = PBXBuildFile; fileRef = 0951973B20B1B9C1006E468E /* PlayerPanelView.swift */; };
		0951973E20B2CDF0006E468E /* CardDetail.storyboard in Resources */ = {isa = PBXBuildFile; fileRef = 0951973D20B2CDF0006E468E /* CardDetail.storyboard */; };
		0951974020B2CE2D006E468E /* CardDetailViewController.swift in Sources */ = {isa = PBXBuildFile; fileRef = 0951973F20B2CE2D006E468E /* CardDetailViewController.swift */; };
		09A62B2420AAADAE00BA5932 /* LevelStatusManager.swift in Sources */ = {isa = PBXBuildFile; fileRef = 09A62B2320AAADAE00BA5932 /* LevelStatusManager.swift */; };
		09A62B2720AD2D6200BA5932 /* DBProvider.swift in Sources */ = {isa = PBXBuildFile; fileRef = 09A62B2620AD2D6200BA5932 /* DBProvider.swift */; };
		09A62B2920AD380F00BA5932 /* CollectionListViewController.swift in Sources */ = {isa = PBXBuildFile; fileRef = 09A62B2820AD380F00BA5932 /* CollectionListViewController.swift */; };
		09A62B2C20AD392800BA5932 /* RecordCollectionViewCell.swift in Sources */ = {isa = PBXBuildFile; fileRef = 09A62B2A20AD392800BA5932 /* RecordCollectionViewCell.swift */; };
		09A62B2D20AD392800BA5932 /* RecordCollectionViewCell.xib in Resources */ = {isa = PBXBuildFile; fileRef = 09A62B2B20AD392800BA5932 /* RecordCollectionViewCell.xib */; };
		09A62B3020ADC96200BA5932 /* Grand9K Pixel.ttf in Resources */ = {isa = PBXBuildFile; fileRef = 09A62B2F20ADC96200BA5932 /* Grand9K Pixel.ttf */; };
		09A62B3220ADCA7900BA5932 /* small_pixel-7.ttf in Resources */ = {isa = PBXBuildFile; fileRef = 09A62B3120ADCA7800BA5932 /* small_pixel-7.ttf */; };
		09A62B3420ADCF8300BA5932 /* pixelmix.ttf in Resources */ = {isa = PBXBuildFile; fileRef = 09A62B3320ADCF8300BA5932 /* pixelmix.ttf */; };
		09A62B3720AE8D0200BA5932 /* TransitionAnimation.swift in Sources */ = {isa = PBXBuildFile; fileRef = 09A62B3620AE8D0200BA5932 /* TransitionAnimation.swift */; };
		09A62B3A20AED14700BA5932 /* TrackCollectionViewCell.swift in Sources */ = {isa = PBXBuildFile; fileRef = 09A62B3820AED14700BA5932 /* TrackCollectionViewCell.swift */; };
		09A62B3B20AED14700BA5932 /* TrackCollectionViewCell.xib in Resources */ = {isa = PBXBuildFile; fileRef = 09A62B3920AED14700BA5932 /* TrackCollectionViewCell.xib */; };
		09A62B3D20AF3F1800BA5932 /* CardListViewController.swift in Sources */ = {isa = PBXBuildFile; fileRef = 09A62B3C20AF3F1800BA5932 /* CardListViewController.swift */; };
		09A62B4120AF3FCD00BA5932 /* CardCollectionViewCell.swift in Sources */ = {isa = PBXBuildFile; fileRef = 09A62B3F20AF3FCD00BA5932 /* CardCollectionViewCell.swift */; };
		09A62B4220AF3FCD00BA5932 /* CardCollectionViewCell.xib in Resources */ = {isa = PBXBuildFile; fileRef = 09A62B4020AF3FCD00BA5932 /* CardCollectionViewCell.xib */; };
		09A62B4520B15FE600BA5932 /* NavigationController.swift in Sources */ = {isa = PBXBuildFile; fileRef = 09A62B4420B15FE600BA5932 /* NavigationController.swift */; };
		09A6854C20B3C3C300BE0EA5 /* GameMapTestViewController.swift in Sources */ = {isa = PBXBuildFile; fileRef = 09A6854B20B3C3C300BE0EA5 /* GameMapTestViewController.swift */; };
		09A6854E20B50DAF00BE0EA5 /* explosion_Image in Resources */ = {isa = PBXBuildFile; fileRef = 09A6854D20B50DAF00BE0EA5 /* explosion_Image */; };
		09C6CF3320A5655F00A6C567 /* SpotifyAuthentication.framework in Frameworks */ = {isa = PBXBuildFile; fileRef = 09C6CF3020A5655F00A6C567 /* SpotifyAuthentication.framework */; };
		09C6CF3420A5655F00A6C567 /* SpotifyMetadata.framework in Frameworks */ = {isa = PBXBuildFile; fileRef = 09C6CF3120A5655F00A6C567 /* SpotifyMetadata.framework */; };
		09C6CF3520A5655F00A6C567 /* SpotifyAudioPlayback.framework in Frameworks */ = {isa = PBXBuildFile; fileRef = 09C6CF3220A5655F00A6C567 /* SpotifyAudioPlayback.framework */; };
		09C6CF3A20A82D4200A6C567 /* Spotify.swift in Sources */ = {isa = PBXBuildFile; fileRef = 09C6CF3920A82D4200A6C567 /* Spotify.swift */; };
		09C6CF3C20A82DD700A6C567 /* SpotifyTrackManager.swift in Sources */ = {isa = PBXBuildFile; fileRef = 09C6CF3B20A82DD700A6C567 /* SpotifyTrackManager.swift */; };
		09C6CF3E20A9466600A6C567 /* Track.swift in Sources */ = {isa = PBXBuildFile; fileRef = 09C6CF3D20A9466600A6C567 /* Track.swift */; };
		09C6CF4120A9737B00A6C567 /* TracksInfo.json in Resources */ = {isa = PBXBuildFile; fileRef = 09C6CF4020A9737B00A6C567 /* TracksInfo.json */; };
		09C6CF4320A9763A00A6C567 /* TracksInfoManager.swift in Sources */ = {isa = PBXBuildFile; fileRef = 09C6CF4220A9763A00A6C567 /* TracksInfoManager.swift */; };
		DBDC4C6C15156651F106BA6E /* Pods_Project2.framework in Frameworks */ = {isa = PBXBuildFile; fileRef = 59B982F5871BB1854FF20E49 /* Pods_Project2.framework */; };
/* End PBXBuildFile section */

/* Begin PBXFileReference section */
		090B6911209F03260095B416 /* Project2.app */ = {isa = PBXFileReference; explicitFileType = wrapper.application; includeInIndex = 0; path = Project2.app; sourceTree = BUILT_PRODUCTS_DIR; };
		090B6914209F03270095B416 /* AppDelegate.swift */ = {isa = PBXFileReference; lastKnownFileType = sourcecode.swift; path = AppDelegate.swift; sourceTree = "<group>"; };
		090B6919209F03270095B416 /* Base */ = {isa = PBXFileReference; lastKnownFileType = file.storyboard; name = Base; path = Base.lproj/Main.storyboard; sourceTree = "<group>"; };
		090B691B209F03290095B416 /* Assets.xcassets */ = {isa = PBXFileReference; lastKnownFileType = folder.assetcatalog; path = Assets.xcassets; sourceTree = "<group>"; };
		090B691E209F03290095B416 /* Base */ = {isa = PBXFileReference; lastKnownFileType = file.storyboard; name = Base; path = Base.lproj/LaunchScreen.storyboard; sourceTree = "<group>"; };
		090B6920209F03290095B416 /* Info.plist */ = {isa = PBXFileReference; lastKnownFileType = text.plist.xml; path = Info.plist; sourceTree = "<group>"; };
		090B6943209F03D10095B416 /* AVFoundation.framework */ = {isa = PBXFileReference; lastKnownFileType = wrapper.framework; name = AVFoundation.framework; path = System/Library/Frameworks/AVFoundation.framework; sourceTree = SDKROOT; };
		090B6948209F04550095B416 /* Project2-Bridging-Header.h */ = {isa = PBXFileReference; lastKnownFileType = sourcecode.c.h; path = "Project2-Bridging-Header.h"; sourceTree = "<group>"; };
		090B695B209F3B540095B416 /* LoginViewController.swift */ = {isa = PBXFileReference; lastKnownFileType = sourcecode.swift; path = LoginViewController.swift; sourceTree = "<group>"; };
		090B695D209F3B8B0095B416 /* TabBarViewController.swift */ = {isa = PBXFileReference; lastKnownFileType = sourcecode.swift; path = TabBarViewController.swift; sourceTree = "<group>"; };
		090B6961209F3BFB0095B416 /* NotificationCenter.swift */ = {isa = PBXFileReference; lastKnownFileType = sourcecode.swift; path = NotificationCenter.swift; sourceTree = "<group>"; };
		090B6963209F3C530095B416 /* UIStoryboard.swift */ = {isa = PBXFileReference; lastKnownFileType = sourcecode.swift; path = UIStoryboard.swift; sourceTree = "<group>"; };
		090B6967209F3F9A0095B416 /* SettingViewController.swift */ = {isa = PBXFileReference; lastKnownFileType = sourcecode.swift; path = SettingViewController.swift; sourceTree = "<group>"; };
		090B6969209F3FC00095B416 /* CollectionViewController.swift */ = {isa = PBXFileReference; lastKnownFileType = sourcecode.swift; path = CollectionViewController.swift; sourceTree = "<group>"; };
		090B696B209F3FD30095B416 /* CardViewController.swift */ = {isa = PBXFileReference; lastKnownFileType = sourcecode.swift; path = CardViewController.swift; sourceTree = "<group>"; };
		090B696D209F3FF90095B416 /* Login.storyboard */ = {isa = PBXFileReference; lastKnownFileType = file.storyboard; path = Login.storyboard; sourceTree = "<group>"; };
		090B696F209F40040095B416 /* Game.storyboard */ = {isa = PBXFileReference; lastKnownFileType = file.storyboard; path = Game.storyboard; sourceTree = "<group>"; };
		090B6971209F40130095B416 /* Collection.storyboard */ = {isa = PBXFileReference; lastKnownFileType = file.storyboard; path = Collection.storyboard; sourceTree = "<group>"; };
		090B6973209F402C0095B416 /* Card.storyboard */ = {isa = PBXFileReference; lastKnownFileType = file.storyboard; path = Card.storyboard; sourceTree = "<group>"; };
		090B6975209F403C0095B416 /* Setting.storyboard */ = {isa = PBXFileReference; lastKnownFileType = file.storyboard; path = Setting.storyboard; sourceTree = "<group>"; };
		090B6977209F47D10095B416 /* GameViewController.swift */ = {isa = PBXFileReference; lastKnownFileType = sourcecode.swift; path = GameViewController.swift; sourceTree = "<group>"; };
		090B697920A00D1C0095B416 /* SpotifyManager.swift */ = {isa = PBXFileReference; lastKnownFileType = sourcecode.swift; path = SpotifyManager.swift; sourceTree = "<group>"; };
		090B697B20A153FA0095B416 /* GameMapViewController.swift */ = {isa = PBXFileReference; lastKnownFileType = sourcecode.swift; path = GameMapViewController.swift; sourceTree = "<group>"; };
		090B697E20A18E9F0095B416 /* PlayerViewController.swift */ = {isa = PBXFileReference; lastKnownFileType = sourcecode.swift; path = PlayerViewController.swift; sourceTree = "<group>"; };
		090B698020A1907D0095B416 /* PopUpRecordViewController.swift */ = {isa = PBXFileReference; lastKnownFileType = sourcecode.swift; path = PopUpRecordViewController.swift; sourceTree = "<group>"; };
		0914190720A3388900B7C0F0 /* Record.swift */ = {isa = PBXFileReference; lastKnownFileType = sourcecode.swift; path = Record.swift; sourceTree = "<group>"; };
		0914190920A3EECA00B7C0F0 /* RecordProvider.swift */ = {isa = PBXFileReference; lastKnownFileType = sourcecode.swift; path = RecordProvider.swift; sourceTree = "<group>"; };
		0914190D20A4839500B7C0F0 /* DesignSetting.swift */ = {isa = PBXFileReference; lastKnownFileType = sourcecode.swift; path = DesignSetting.swift; sourceTree = "<group>"; };
		0914190F20A48EB300B7C0F0 /* Player.storyboard */ = {isa = PBXFileReference; lastKnownFileType = file.storyboard; path = Player.storyboard; sourceTree = "<group>"; };
		0951973B20B1B9C1006E468E /* PlayerPanelView.swift */ = {isa = PBXFileReference; lastKnownFileType = sourcecode.swift; path = PlayerPanelView.swift; sourceTree = "<group>"; };
		0951973D20B2CDF0006E468E /* CardDetail.storyboard */ = {isa = PBXFileReference; lastKnownFileType = file.storyboard; path = CardDetail.storyboard; sourceTree = "<group>"; };
		0951973F20B2CE2D006E468E /* CardDetailViewController.swift */ = {isa = PBXFileReference; lastKnownFileType = sourcecode.swift; path = CardDetailViewController.swift; sourceTree = "<group>"; };
		09A62B2320AAADAE00BA5932 /* LevelStatusManager.swift */ = {isa = PBXFileReference; lastKnownFileType = sourcecode.swift; path = LevelStatusManager.swift; sourceTree = "<group>"; };
		09A62B2620AD2D6200BA5932 /* DBProvider.swift */ = {isa = PBXFileReference; lastKnownFileType = sourcecode.swift; path = DBProvider.swift; sourceTree = "<group>"; };
		09A62B2820AD380F00BA5932 /* CollectionListViewController.swift */ = {isa = PBXFileReference; lastKnownFileType = sourcecode.swift; path = CollectionListViewController.swift; sourceTree = "<group>"; };
		09A62B2A20AD392800BA5932 /* RecordCollectionViewCell.swift */ = {isa = PBXFileReference; lastKnownFileType = sourcecode.swift; path = RecordCollectionViewCell.swift; sourceTree = "<group>"; };
		09A62B2B20AD392800BA5932 /* RecordCollectionViewCell.xib */ = {isa = PBXFileReference; lastKnownFileType = file.xib; path = RecordCollectionViewCell.xib; sourceTree = "<group>"; };
		09A62B2F20ADC96200BA5932 /* Grand9K Pixel.ttf */ = {isa = PBXFileReference; lastKnownFileType = file; path = "Grand9K Pixel.ttf"; sourceTree = "<group>"; };
		09A62B3120ADCA7800BA5932 /* small_pixel-7.ttf */ = {isa = PBXFileReference; lastKnownFileType = file; path = "small_pixel-7.ttf"; sourceTree = "<group>"; };
		09A62B3320ADCF8300BA5932 /* pixelmix.ttf */ = {isa = PBXFileReference; lastKnownFileType = file; path = pixelmix.ttf; sourceTree = "<group>"; };
		09A62B3620AE8D0200BA5932 /* TransitionAnimation.swift */ = {isa = PBXFileReference; lastKnownFileType = sourcecode.swift; path = TransitionAnimation.swift; sourceTree = "<group>"; };
		09A62B3820AED14700BA5932 /* TrackCollectionViewCell.swift */ = {isa = PBXFileReference; lastKnownFileType = sourcecode.swift; path = TrackCollectionViewCell.swift; sourceTree = "<group>"; };
		09A62B3920AED14700BA5932 /* TrackCollectionViewCell.xib */ = {isa = PBXFileReference; lastKnownFileType = file.xib; path = TrackCollectionViewCell.xib; sourceTree = "<group>"; };
		09A62B3C20AF3F1800BA5932 /* CardListViewController.swift */ = {isa = PBXFileReference; lastKnownFileType = sourcecode.swift; path = CardListViewController.swift; sourceTree = "<group>"; };
		09A62B3F20AF3FCD00BA5932 /* CardCollectionViewCell.swift */ = {isa = PBXFileReference; lastKnownFileType = sourcecode.swift; path = CardCollectionViewCell.swift; sourceTree = "<group>"; };
		09A62B4020AF3FCD00BA5932 /* CardCollectionViewCell.xib */ = {isa = PBXFileReference; lastKnownFileType = file.xib; path = CardCollectionViewCell.xib; sourceTree = "<group>"; };
		09A62B4420B15FE600BA5932 /* NavigationController.swift */ = {isa = PBXFileReference; lastKnownFileType = sourcecode.swift; path = NavigationController.swift; sourceTree = "<group>"; };
		09A6854B20B3C3C300BE0EA5 /* GameMapTestViewController.swift */ = {isa = PBXFileReference; lastKnownFileType = sourcecode.swift; path = GameMapTestViewController.swift; sourceTree = "<group>"; };
		09A6854D20B50DAF00BE0EA5 /* explosion_Image */ = {isa = PBXFileReference; lastKnownFileType = folder; path = explosion_Image; sourceTree = "<group>"; };
		09C6CF3020A5655F00A6C567 /* SpotifyAuthentication.framework */ = {isa = PBXFileReference; lastKnownFileType = wrapper.framework; name = SpotifyAuthentication.framework; path = "../../Downloads/ios-sdk-master/SpotifyAuthentication.framework"; sourceTree = "<group>"; };
		09C6CF3120A5655F00A6C567 /* SpotifyMetadata.framework */ = {isa = PBXFileReference; lastKnownFileType = wrapper.framework; name = SpotifyMetadata.framework; path = "../../Downloads/ios-sdk-master/SpotifyMetadata.framework"; sourceTree = "<group>"; };
		09C6CF3220A5655F00A6C567 /* SpotifyAudioPlayback.framework */ = {isa = PBXFileReference; lastKnownFileType = wrapper.framework; name = SpotifyAudioPlayback.framework; path = "../../Downloads/ios-sdk-master/SpotifyAudioPlayback.framework"; sourceTree = "<group>"; };
		09C6CF3920A82D4200A6C567 /* Spotify.swift */ = {isa = PBXFileReference; lastKnownFileType = sourcecode.swift; path = Spotify.swift; sourceTree = "<group>"; };
		09C6CF3B20A82DD700A6C567 /* SpotifyTrackManager.swift */ = {isa = PBXFileReference; lastKnownFileType = sourcecode.swift; path = SpotifyTrackManager.swift; sourceTree = "<group>"; };
		09C6CF3D20A9466600A6C567 /* Track.swift */ = {isa = PBXFileReference; lastKnownFileType = sourcecode.swift; path = Track.swift; sourceTree = "<group>"; };
		09C6CF4020A9737B00A6C567 /* TracksInfo.json */ = {isa = PBXFileReference; lastKnownFileType = text.json; path = TracksInfo.json; sourceTree = "<group>"; };
		09C6CF4220A9763A00A6C567 /* TracksInfoManager.swift */ = {isa = PBXFileReference; lastKnownFileType = sourcecode.swift; path = TracksInfoManager.swift; sourceTree = "<group>"; };
		287FE4E269014CC2187CD712 /* Pods-Project2.release.xcconfig */ = {isa = PBXFileReference; includeInIndex = 1; lastKnownFileType = text.xcconfig; name = "Pods-Project2.release.xcconfig"; path = "Pods/Target Support Files/Pods-Project2/Pods-Project2.release.xcconfig"; sourceTree = "<group>"; };
		59B982F5871BB1854FF20E49 /* Pods_Project2.framework */ = {isa = PBXFileReference; explicitFileType = wrapper.framework; includeInIndex = 0; path = Pods_Project2.framework; sourceTree = BUILT_PRODUCTS_DIR; };
		FBFB6B98727A92AEF309F2A7 /* Pods-Project2.debug.xcconfig */ = {isa = PBXFileReference; includeInIndex = 1; lastKnownFileType = text.xcconfig; name = "Pods-Project2.debug.xcconfig"; path = "Pods/Target Support Files/Pods-Project2/Pods-Project2.debug.xcconfig"; sourceTree = "<group>"; };
/* End PBXFileReference section */

/* Begin PBXFrameworksBuildPhase section */
		090B690E209F03260095B416 /* Frameworks */ = {
			isa = PBXFrameworksBuildPhase;
			buildActionMask = 2147483647;
			files = (
				09C6CF3420A5655F00A6C567 /* SpotifyMetadata.framework in Frameworks */,
				090B6944209F03D10095B416 /* AVFoundation.framework in Frameworks */,
				09C6CF3320A5655F00A6C567 /* SpotifyAuthentication.framework in Frameworks */,
				DBDC4C6C15156651F106BA6E /* Pods_Project2.framework in Frameworks */,
				09C6CF3520A5655F00A6C567 /* SpotifyAudioPlayback.framework in Frameworks */,
			);
			runOnlyForDeploymentPostprocessing = 0;
		};
/* End PBXFrameworksBuildPhase section */

/* Begin PBXGroup section */
		090B6908209F03260095B416 = {
			isa = PBXGroup;
			children = (
				090B6913209F03260095B416 /* Project2 */,
				090B6912209F03260095B416 /* Products */,
				090B6942209F03D10095B416 /* Frameworks */,
				E40AB426BB8F9BBC538BF7EA /* Pods */,
			);
			sourceTree = "<group>";
		};
		090B6912209F03260095B416 /* Products */ = {
			isa = PBXGroup;
			children = (
				090B6911209F03260095B416 /* Project2.app */,
			);
			name = Products;
			sourceTree = "<group>";
		};
		090B6913209F03260095B416 /* Project2 */ = {
			isa = PBXGroup;
			children = (
				090B694C209F04610095B416 /* Model */,
				090B694D209F04670095B416 /* View */,
				090B694E209F046D0095B416 /* Controller */,
				090B695F209F3B9D0095B416 /* Extension */,
				09A62B2E20ADC93F00BA5932 /* Support */,
				090B694F209F04860095B416 /* Storyboard */,
				090B691B209F03290095B416 /* Assets.xcassets */,
				09A6854D20B50DAF00BE0EA5 /* explosion_Image */,
				090B6914209F03270095B416 /* AppDelegate.swift */,
				090B691D209F03290095B416 /* LaunchScreen.storyboard */,
				090B6920209F03290095B416 /* Info.plist */,
				090B6948209F04550095B416 /* Project2-Bridging-Header.h */,
			);
			path = Project2;
			sourceTree = "<group>";
		};
		090B6942209F03D10095B416 /* Frameworks */ = {
			isa = PBXGroup;
			children = (
				09C6CF3220A5655F00A6C567 /* SpotifyAudioPlayback.framework */,
				09C6CF3020A5655F00A6C567 /* SpotifyAuthentication.framework */,
				09C6CF3120A5655F00A6C567 /* SpotifyMetadata.framework */,
				090B6943209F03D10095B416 /* AVFoundation.framework */,
				59B982F5871BB1854FF20E49 /* Pods_Project2.framework */,
			);
			name = Frameworks;
			sourceTree = "<group>";
		};
		090B694C209F04610095B416 /* Model */ = {
			isa = PBXGroup;
			children = (
				09A62B2520AD2BF300BA5932 /* Collection */,
				09A62B2220AAAD9800BA5932 /* Game */,
				09C6CF3F20A9701900A6C567 /* Database */,
				09C6CF3820A82D2800A6C567 /* Spotify */,
				0914190620A3386800B7C0F0 /* Record */,
				090B6960209F3BD10095B416 /* Notification */,
			);
			path = Model;
			sourceTree = "<group>";
		};
		090B694D209F04670095B416 /* View */ = {
			isa = PBXGroup;
			children = (
				0951973A20B1B9A0006E468E /* Player */,
				09A62B3E20AF3FAE00BA5932 /* Achievement */,
				09A62B3520AE8CE300BA5932 /* Animation */,
				0914190120A2E79900B7C0F0 /* RecordCell */,
			);
			path = View;
			sourceTree = "<group>";
		};
		090B694E209F046D0095B416 /* Controller */ = {
			isa = PBXGroup;
			children = (
				09A62B4320B15FB700BA5932 /* Navigate */,
				090B6957209F3B020095B416 /* Login */,
				090B697D20A18E850095B416 /* Player */,
				090B695A209F3B220095B416 /* Game */,
				090B6965209F3F700095B416 /* Card */,
				090B6966209F3F7B0095B416 /* Collection */,
				090B6959209F3B1B0095B416 /* Setting */,
				090B6958209F3B120095B416 /* TabBar */,
			);
			path = Controller;
			sourceTree = "<group>";
		};
		090B694F209F04860095B416 /* Storyboard */ = {
			isa = PBXGroup;
			children = (
				090B6918209F03270095B416 /* Main.storyboard */,
				090B696D209F3FF90095B416 /* Login.storyboard */,
				090B696F209F40040095B416 /* Game.storyboard */,
				090B6971209F40130095B416 /* Collection.storyboard */,
				090B6973209F402C0095B416 /* Card.storyboard */,
				090B6975209F403C0095B416 /* Setting.storyboard */,
				0914190F20A48EB300B7C0F0 /* Player.storyboard */,
				0951973D20B2CDF0006E468E /* CardDetail.storyboard */,
			);
			path = Storyboard;
			sourceTree = "<group>";
		};
		090B6957209F3B020095B416 /* Login */ = {
			isa = PBXGroup;
			children = (
				090B695B209F3B540095B416 /* LoginViewController.swift */,
			);
			path = Login;
			sourceTree = "<group>";
		};
		090B6958209F3B120095B416 /* TabBar */ = {
			isa = PBXGroup;
			children = (
				090B695D209F3B8B0095B416 /* TabBarViewController.swift */,
			);
			path = TabBar;
			sourceTree = "<group>";
		};
		090B6959209F3B1B0095B416 /* Setting */ = {
			isa = PBXGroup;
			children = (
				090B6967209F3F9A0095B416 /* SettingViewController.swift */,
			);
			path = Setting;
			sourceTree = "<group>";
		};
		090B695A209F3B220095B416 /* Game */ = {
			isa = PBXGroup;
			children = (
				090B6977209F47D10095B416 /* GameViewController.swift */,
				090B697B20A153FA0095B416 /* GameMapViewController.swift */,
				09A6854B20B3C3C300BE0EA5 /* GameMapTestViewController.swift */,
				090B698020A1907D0095B416 /* PopUpRecordViewController.swift */,
			);
			path = Game;
			sourceTree = "<group>";
		};
		090B695F209F3B9D0095B416 /* Extension */ = {
			isa = PBXGroup;
			children = (
				090B6963209F3C530095B416 /* UIStoryboard.swift */,
			);
			path = Extension;
			sourceTree = "<group>";
		};
		090B6960209F3BD10095B416 /* Notification */ = {
			isa = PBXGroup;
			children = (
				090B6961209F3BFB0095B416 /* NotificationCenter.swift */,
			);
			path = Notification;
			sourceTree = "<group>";
		};
		090B6965209F3F700095B416 /* Card */ = {
			isa = PBXGroup;
			children = (
				090B696B209F3FD30095B416 /* CardViewController.swift */,
				09A62B3C20AF3F1800BA5932 /* CardListViewController.swift */,
				0951973F20B2CE2D006E468E /* CardDetailViewController.swift */,
			);
			path = Card;
			sourceTree = "<group>";
		};
		090B6966209F3F7B0095B416 /* Collection */ = {
			isa = PBXGroup;
			children = (
				090B6969209F3FC00095B416 /* CollectionViewController.swift */,
				09A62B2820AD380F00BA5932 /* CollectionListViewController.swift */,
				0914190D20A4839500B7C0F0 /* DesignSetting.swift */,
			);
			path = Collection;
			sourceTree = "<group>";
		};
		090B697D20A18E850095B416 /* Player */ = {
			isa = PBXGroup;
			children = (
				090B697E20A18E9F0095B416 /* PlayerViewController.swift */,
			);
			path = Player;
			sourceTree = "<group>";
		};
		0914190120A2E79900B7C0F0 /* RecordCell */ = {
			isa = PBXGroup;
			children = (
				09A62B2A20AD392800BA5932 /* RecordCollectionViewCell.swift */,
				09A62B2B20AD392800BA5932 /* RecordCollectionViewCell.xib */,
				09A62B3820AED14700BA5932 /* TrackCollectionViewCell.swift */,
				09A62B3920AED14700BA5932 /* TrackCollectionViewCell.xib */,
			);
			path = RecordCell;
			sourceTree = "<group>";
		};
		0914190620A3386800B7C0F0 /* Record */ = {
			isa = PBXGroup;
			children = (
				0914190720A3388900B7C0F0 /* Record.swift */,
				0914190920A3EECA00B7C0F0 /* RecordProvider.swift */,
			);
			path = Record;
			sourceTree = "<group>";
		};
		0951973A20B1B9A0006E468E /* Player */ = {
			isa = PBXGroup;
			children = (
				0951973B20B1B9C1006E468E /* PlayerPanelView.swift */,
			);
			path = Player;
			sourceTree = "<group>";
		};
		09A62B2220AAAD9800BA5932 /* Game */ = {
			isa = PBXGroup;
			children = (
				09A62B2320AAADAE00BA5932 /* LevelStatusManager.swift */,
			);
			path = Game;
			sourceTree = "<group>";
		};
		09A62B2520AD2BF300BA5932 /* Collection */ = {
			isa = PBXGroup;
			children = (
			);
			path = Collection;
			sourceTree = "<group>";
		};
		09A62B2E20ADC93F00BA5932 /* Support */ = {
			isa = PBXGroup;
			children = (
				09A62B3320ADCF8300BA5932 /* pixelmix.ttf */,
				09A62B3120ADCA7800BA5932 /* small_pixel-7.ttf */,
				09A62B2F20ADC96200BA5932 /* Grand9K Pixel.ttf */,
			);
			path = Support;
			sourceTree = "<group>";
		};
		09A62B3520AE8CE300BA5932 /* Animation */ = {
			isa = PBXGroup;
			children = (
				09A62B3620AE8D0200BA5932 /* TransitionAnimation.swift */,
			);
			path = Animation;
			sourceTree = "<group>";
		};
		09A62B3E20AF3FAE00BA5932 /* Achievement */ = {
			isa = PBXGroup;
			children = (
				09A62B3F20AF3FCD00BA5932 /* CardCollectionViewCell.swift */,
				09A62B4020AF3FCD00BA5932 /* CardCollectionViewCell.xib */,
			);
			path = Achievement;
			sourceTree = "<group>";
		};
		09A62B4320B15FB700BA5932 /* Navigate */ = {
			isa = PBXGroup;
			children = (
				09A62B4420B15FE600BA5932 /* NavigationController.swift */,
			);
			path = Navigate;
			sourceTree = "<group>";
		};
		09C6CF3820A82D2800A6C567 /* Spotify */ = {
			isa = PBXGroup;
			children = (
				09C6CF3920A82D4200A6C567 /* Spotify.swift */,
				090B697920A00D1C0095B416 /* SpotifyManager.swift */,
				09C6CF3B20A82DD700A6C567 /* SpotifyTrackManager.swift */,
			);
			path = Spotify;
			sourceTree = "<group>";
		};
		09C6CF3F20A9701900A6C567 /* Database */ = {
			isa = PBXGroup;
			children = (
				09C6CF4020A9737B00A6C567 /* TracksInfo.json */,
				09C6CF4220A9763A00A6C567 /* TracksInfoManager.swift */,
				09C6CF3D20A9466600A6C567 /* Track.swift */,
				09A62B2620AD2D6200BA5932 /* DBProvider.swift */,
			);
			path = Database;
			sourceTree = "<group>";
		};
		E40AB426BB8F9BBC538BF7EA /* Pods */ = {
			isa = PBXGroup;
			children = (
				FBFB6B98727A92AEF309F2A7 /* Pods-Project2.debug.xcconfig */,
				287FE4E269014CC2187CD712 /* Pods-Project2.release.xcconfig */,
			);
			name = Pods;
			sourceTree = "<group>";
		};
/* End PBXGroup section */

/* Begin PBXNativeTarget section */
		090B6910209F03260095B416 /* Project2 */ = {
			isa = PBXNativeTarget;
			buildConfigurationList = 090B6939209F03290095B416 /* Build configuration list for PBXNativeTarget "Project2" */;
			buildPhases = (
				B32AEB198F0FDEFC94E478D6 /* [CP] Check Pods Manifest.lock */,
				090B6956209F114C0095B416 /* ShellScript */,
				090B690D209F03260095B416 /* Sources */,
				090B690E209F03260095B416 /* Frameworks */,
				090B690F209F03260095B416 /* Resources */,
				FBCC0B59DB1B251D86A9D305 /* [CP] Embed Pods Frameworks */,
			);
			buildRules = (
			);
			dependencies = (
			);
			name = Project2;
			productName = Project2;
			productReference = 090B6911209F03260095B416 /* Project2.app */;
			productType = "com.apple.product-type.application";
		};
/* End PBXNativeTarget section */

/* Begin PBXProject section */
		090B6909209F03260095B416 /* Project object */ = {
			isa = PBXProject;
			attributes = {
				LastSwiftUpdateCheck = 0930;
				LastUpgradeCheck = 0930;
				ORGANIZATIONNAME = "尚靖";
				TargetAttributes = {
					090B6910209F03260095B416 = {
						CreatedOnToolsVersion = 9.3;
						LastSwiftMigration = 0930;
					};
				};
			};
			buildConfigurationList = 090B690C209F03260095B416 /* Build configuration list for PBXProject "Project2" */;
			compatibilityVersion = "Xcode 9.3";
			developmentRegion = en;
			hasScannedForEncodings = 0;
			knownRegions = (
				en,
				Base,
			);
			mainGroup = 090B6908209F03260095B416;
			productRefGroup = 090B6912209F03260095B416 /* Products */;
			projectDirPath = "";
			projectRoot = "";
			targets = (
				090B6910209F03260095B416 /* Project2 */,
			);
		};
/* End PBXProject section */

/* Begin PBXResourcesBuildPhase section */
		090B690F209F03260095B416 /* Resources */ = {
			isa = PBXResourcesBuildPhase;
			buildActionMask = 2147483647;
			files = (
				090B6972209F40130095B416 /* Collection.storyboard in Resources */,
				090B696E209F3FF90095B416 /* Login.storyboard in Resources */,
				090B691F209F03290095B416 /* LaunchScreen.storyboard in Resources */,
				090B691C209F03290095B416 /* Assets.xcassets in Resources */,
				090B6970209F40040095B416 /* Game.storyboard in Resources */,
				090B6974209F402C0095B416 /* Card.storyboard in Resources */,
				0951973E20B2CDF0006E468E /* CardDetail.storyboard in Resources */,
				09A62B4220AF3FCD00BA5932 /* CardCollectionViewCell.xib in Resources */,
				09A62B3020ADC96200BA5932 /* Grand9K Pixel.ttf in Resources */,
				09A62B3B20AED14700BA5932 /* TrackCollectionViewCell.xib in Resources */,
				09C6CF4120A9737B00A6C567 /* TracksInfo.json in Resources */,
				0914191020A48EB300B7C0F0 /* Player.storyboard in Resources */,
				090B691A209F03270095B416 /* Main.storyboard in Resources */,
				090B6976209F403C0095B416 /* Setting.storyboard in Resources */,
				09A62B2D20AD392800BA5932 /* RecordCollectionViewCell.xib in Resources */,
				09A62B3220ADCA7900BA5932 /* small_pixel-7.ttf in Resources */,
				09A6854E20B50DAF00BE0EA5 /* explosion_Image in Resources */,
				09A62B3420ADCF8300BA5932 /* pixelmix.ttf in Resources */,
			);
			runOnlyForDeploymentPostprocessing = 0;
		};
/* End PBXResourcesBuildPhase section */

/* Begin PBXShellScriptBuildPhase section */
		090B6956209F114C0095B416 /* ShellScript */ = {
			isa = PBXShellScriptBuildPhase;
			buildActionMask = 2147483647;
			files = (
			);
			inputPaths = (
			);
			outputPaths = (
			);
			runOnlyForDeploymentPostprocessing = 0;
			shellPath = /bin/sh;
			shellScript = "\"${PODS_ROOT}/SwiftLint/swiftlint\"";
		};
		B32AEB198F0FDEFC94E478D6 /* [CP] Check Pods Manifest.lock */ = {
			isa = PBXShellScriptBuildPhase;
			buildActionMask = 2147483647;
			files = (
			);
			inputPaths = (
				"${PODS_PODFILE_DIR_PATH}/Podfile.lock",
				"${PODS_ROOT}/Manifest.lock",
			);
			name = "[CP] Check Pods Manifest.lock";
			outputPaths = (
				"$(DERIVED_FILE_DIR)/Pods-Project2-checkManifestLockResult.txt",
			);
			runOnlyForDeploymentPostprocessing = 0;
			shellPath = /bin/sh;
			shellScript = "diff \"${PODS_PODFILE_DIR_PATH}/Podfile.lock\" \"${PODS_ROOT}/Manifest.lock\" > /dev/null\nif [ $? != 0 ] ; then\n    # print error to STDERR\n    echo \"error: The sandbox is not in sync with the Podfile.lock. Run 'pod install' or update your CocoaPods installation.\" >&2\n    exit 1\nfi\n# This output is used by Xcode 'outputs' to avoid re-running this script phase.\necho \"SUCCESS\" > \"${SCRIPT_OUTPUT_FILE_0}\"\n";
			showEnvVarsInLog = 0;
		};
		FBCC0B59DB1B251D86A9D305 /* [CP] Embed Pods Frameworks */ = {
			isa = PBXShellScriptBuildPhase;
			buildActionMask = 2147483647;
			files = (
			);
			inputPaths = (
				"${SRCROOT}/Pods/Target Support Files/Pods-Project2/Pods-Project2-frameworks.sh",
				"${BUILT_PRODUCTS_DIR}/Alamofire/Alamofire.framework",
				"${BUILT_PRODUCTS_DIR}/Realm/Realm.framework",
				"${BUILT_PRODUCTS_DIR}/RealmSwift/RealmSwift.framework",
				"${BUILT_PRODUCTS_DIR}/SDWebImage/SDWebImage.framework",
			);
			name = "[CP] Embed Pods Frameworks";
			outputPaths = (
				"${TARGET_BUILD_DIR}/${FRAMEWORKS_FOLDER_PATH}/Alamofire.framework",
				"${TARGET_BUILD_DIR}/${FRAMEWORKS_FOLDER_PATH}/Realm.framework",
				"${TARGET_BUILD_DIR}/${FRAMEWORKS_FOLDER_PATH}/RealmSwift.framework",
				"${TARGET_BUILD_DIR}/${FRAMEWORKS_FOLDER_PATH}/SDWebImage.framework",
			);
			runOnlyForDeploymentPostprocessing = 0;
			shellPath = /bin/sh;
			shellScript = "\"${SRCROOT}/Pods/Target Support Files/Pods-Project2/Pods-Project2-frameworks.sh\"\n";
			showEnvVarsInLog = 0;
		};
/* End PBXShellScriptBuildPhase section */

/* Begin PBXSourcesBuildPhase section */
		090B690D209F03260095B416 /* Sources */ = {
			isa = PBXSourcesBuildPhase;
			buildActionMask = 2147483647;
			files = (
				09A62B3A20AED14700BA5932 /* TrackCollectionViewCell.swift in Sources */,
				090B695E209F3B8B0095B416 /* TabBarViewController.swift in Sources */,
				090B6964209F3C530095B416 /* UIStoryboard.swift in Sources */,
				090B696C209F3FD30095B416 /* CardViewController.swift in Sources */,
				09A62B2720AD2D6200BA5932 /* DBProvider.swift in Sources */,
				09A62B2920AD380F00BA5932 /* CollectionListViewController.swift in Sources */,
				090B697C20A153FA0095B416 /* GameMapViewController.swift in Sources */,
				09C6CF4320A9763A00A6C567 /* TracksInfoManager.swift in Sources */,
				09A6854C20B3C3C300BE0EA5 /* GameMapTestViewController.swift in Sources */,
				090B695C209F3B540095B416 /* LoginViewController.swift in Sources */,
				0914190E20A4839500B7C0F0 /* DesignSetting.swift in Sources */,
				0914190820A3388900B7C0F0 /* Record.swift in Sources */,
				090B697F20A18E9F0095B416 /* PlayerViewController.swift in Sources */,
				090B6978209F47D10095B416 /* GameViewController.swift in Sources */,
				09A62B2420AAADAE00BA5932 /* LevelStatusManager.swift in Sources */,
				09A62B4120AF3FCD00BA5932 /* CardCollectionViewCell.swift in Sources */,
				09C6CF3C20A82DD700A6C567 /* SpotifyTrackManager.swift in Sources */,
				09A62B2C20AD392800BA5932 /* RecordCollectionViewCell.swift in Sources */,
				090B698120A1907D0095B416 /* PopUpRecordViewController.swift in Sources */,
				0951974020B2CE2D006E468E /* CardDetailViewController.swift in Sources */,
				090B697A20A00D1C0095B416 /* SpotifyManager.swift in Sources */,
				090B6962209F3BFB0095B416 /* NotificationCenter.swift in Sources */,
				0951973C20B1B9C1006E468E /* PlayerPanelView.swift in Sources */,
				090B696A209F3FC00095B416 /* CollectionViewController.swift in Sources */,
				09C6CF3E20A9466600A6C567 /* Track.swift in Sources */,
				09A62B4520B15FE600BA5932 /* NavigationController.swift in Sources */,
				0914190A20A3EECA00B7C0F0 /* RecordProvider.swift in Sources */,
				09C6CF3A20A82D4200A6C567 /* Spotify.swift in Sources */,
				09A62B3720AE8D0200BA5932 /* TransitionAnimation.swift in Sources */,
				090B6915209F03270095B416 /* AppDelegate.swift in Sources */,
				09A62B3D20AF3F1800BA5932 /* CardListViewController.swift in Sources */,
				090B6968209F3F9A0095B416 /* SettingViewController.swift in Sources */,
			);
			runOnlyForDeploymentPostprocessing = 0;
		};
/* End PBXSourcesBuildPhase section */

/* Begin PBXVariantGroup section */
		090B6918209F03270095B416 /* Main.storyboard */ = {
			isa = PBXVariantGroup;
			children = (
				090B6919209F03270095B416 /* Base */,
			);
			name = Main.storyboard;
			sourceTree = "<group>";
		};
		090B691D209F03290095B416 /* LaunchScreen.storyboard */ = {
			isa = PBXVariantGroup;
			children = (
				090B691E209F03290095B416 /* Base */,
			);
			name = LaunchScreen.storyboard;
			sourceTree = "<group>";
		};
/* End PBXVariantGroup section */

/* Begin XCBuildConfiguration section */
		090B6937209F03290095B416 /* Debug */ = {
			isa = XCBuildConfiguration;
			buildSettings = {
				ALWAYS_SEARCH_USER_PATHS = NO;
				CLANG_ANALYZER_NONNULL = YES;
				CLANG_ANALYZER_NUMBER_OBJECT_CONVERSION = YES_AGGRESSIVE;
				CLANG_CXX_LANGUAGE_STANDARD = "gnu++14";
				CLANG_CXX_LIBRARY = "libc++";
				CLANG_ENABLE_MODULES = YES;
				CLANG_ENABLE_OBJC_ARC = YES;
				CLANG_ENABLE_OBJC_WEAK = YES;
				CLANG_WARN_BLOCK_CAPTURE_AUTORELEASING = YES;
				CLANG_WARN_BOOL_CONVERSION = YES;
				CLANG_WARN_COMMA = YES;
				CLANG_WARN_CONSTANT_CONVERSION = YES;
				CLANG_WARN_DEPRECATED_OBJC_IMPLEMENTATIONS = YES;
				CLANG_WARN_DIRECT_OBJC_ISA_USAGE = YES_ERROR;
				CLANG_WARN_DOCUMENTATION_COMMENTS = YES;
				CLANG_WARN_EMPTY_BODY = YES;
				CLANG_WARN_ENUM_CONVERSION = YES;
				CLANG_WARN_INFINITE_RECURSION = YES;
				CLANG_WARN_INT_CONVERSION = YES;
				CLANG_WARN_NON_LITERAL_NULL_CONVERSION = YES;
				CLANG_WARN_OBJC_IMPLICIT_RETAIN_SELF = YES;
				CLANG_WARN_OBJC_LITERAL_CONVERSION = YES;
				CLANG_WARN_OBJC_ROOT_CLASS = YES_ERROR;
				CLANG_WARN_RANGE_LOOP_ANALYSIS = YES;
				CLANG_WARN_STRICT_PROTOTYPES = YES;
				CLANG_WARN_SUSPICIOUS_MOVE = YES;
				CLANG_WARN_UNGUARDED_AVAILABILITY = YES_AGGRESSIVE;
				CLANG_WARN_UNREACHABLE_CODE = YES;
				CLANG_WARN__DUPLICATE_METHOD_MATCH = YES;
				CODE_SIGN_IDENTITY = "iPhone Developer";
				COPY_PHASE_STRIP = NO;
				DEBUG_INFORMATION_FORMAT = dwarf;
				ENABLE_STRICT_OBJC_MSGSEND = YES;
				ENABLE_TESTABILITY = YES;
				GCC_C_LANGUAGE_STANDARD = gnu11;
				GCC_DYNAMIC_NO_PIC = NO;
				GCC_NO_COMMON_BLOCKS = YES;
				GCC_OPTIMIZATION_LEVEL = 0;
				GCC_PREPROCESSOR_DEFINITIONS = (
					"DEBUG=1",
					"$(inherited)",
				);
				GCC_WARN_64_TO_32_BIT_CONVERSION = YES;
				GCC_WARN_ABOUT_RETURN_TYPE = YES_ERROR;
				GCC_WARN_UNDECLARED_SELECTOR = YES;
				GCC_WARN_UNINITIALIZED_AUTOS = YES_AGGRESSIVE;
				GCC_WARN_UNUSED_FUNCTION = YES;
				GCC_WARN_UNUSED_VARIABLE = YES;
				IPHONEOS_DEPLOYMENT_TARGET = 11.3;
				MTL_ENABLE_DEBUG_INFO = YES;
				ONLY_ACTIVE_ARCH = YES;
				SDKROOT = iphoneos;
				SWIFT_ACTIVE_COMPILATION_CONDITIONS = DEBUG;
				SWIFT_OPTIMIZATION_LEVEL = "-Onone";
			};
			name = Debug;
		};
		090B6938209F03290095B416 /* Release */ = {
			isa = XCBuildConfiguration;
			buildSettings = {
				ALWAYS_SEARCH_USER_PATHS = NO;
				CLANG_ANALYZER_NONNULL = YES;
				CLANG_ANALYZER_NUMBER_OBJECT_CONVERSION = YES_AGGRESSIVE;
				CLANG_CXX_LANGUAGE_STANDARD = "gnu++14";
				CLANG_CXX_LIBRARY = "libc++";
				CLANG_ENABLE_MODULES = YES;
				CLANG_ENABLE_OBJC_ARC = YES;
				CLANG_ENABLE_OBJC_WEAK = YES;
				CLANG_WARN_BLOCK_CAPTURE_AUTORELEASING = YES;
				CLANG_WARN_BOOL_CONVERSION = YES;
				CLANG_WARN_COMMA = YES;
				CLANG_WARN_CONSTANT_CONVERSION = YES;
				CLANG_WARN_DEPRECATED_OBJC_IMPLEMENTATIONS = YES;
				CLANG_WARN_DIRECT_OBJC_ISA_USAGE = YES_ERROR;
				CLANG_WARN_DOCUMENTATION_COMMENTS = YES;
				CLANG_WARN_EMPTY_BODY = YES;
				CLANG_WARN_ENUM_CONVERSION = YES;
				CLANG_WARN_INFINITE_RECURSION = YES;
				CLANG_WARN_INT_CONVERSION = YES;
				CLANG_WARN_NON_LITERAL_NULL_CONVERSION = YES;
				CLANG_WARN_OBJC_IMPLICIT_RETAIN_SELF = YES;
				CLANG_WARN_OBJC_LITERAL_CONVERSION = YES;
				CLANG_WARN_OBJC_ROOT_CLASS = YES_ERROR;
				CLANG_WARN_RANGE_LOOP_ANALYSIS = YES;
				CLANG_WARN_STRICT_PROTOTYPES = YES;
				CLANG_WARN_SUSPICIOUS_MOVE = YES;
				CLANG_WARN_UNGUARDED_AVAILABILITY = YES_AGGRESSIVE;
				CLANG_WARN_UNREACHABLE_CODE = YES;
				CLANG_WARN__DUPLICATE_METHOD_MATCH = YES;
				CODE_SIGN_IDENTITY = "iPhone Developer";
				COPY_PHASE_STRIP = NO;
				DEBUG_INFORMATION_FORMAT = "dwarf-with-dsym";
				ENABLE_NS_ASSERTIONS = NO;
				ENABLE_STRICT_OBJC_MSGSEND = YES;
				GCC_C_LANGUAGE_STANDARD = gnu11;
				GCC_NO_COMMON_BLOCKS = YES;
				GCC_WARN_64_TO_32_BIT_CONVERSION = YES;
				GCC_WARN_ABOUT_RETURN_TYPE = YES_ERROR;
				GCC_WARN_UNDECLARED_SELECTOR = YES;
				GCC_WARN_UNINITIALIZED_AUTOS = YES_AGGRESSIVE;
				GCC_WARN_UNUSED_FUNCTION = YES;
				GCC_WARN_UNUSED_VARIABLE = YES;
				IPHONEOS_DEPLOYMENT_TARGET = 11.3;
				MTL_ENABLE_DEBUG_INFO = NO;
				SDKROOT = iphoneos;
				SWIFT_COMPILATION_MODE = wholemodule;
				SWIFT_OPTIMIZATION_LEVEL = "-O";
				VALIDATE_PRODUCT = YES;
			};
			name = Release;
		};
		090B693A209F03290095B416 /* Debug */ = {
			isa = XCBuildConfiguration;
			baseConfigurationReference = FBFB6B98727A92AEF309F2A7 /* Pods-Project2.debug.xcconfig */;
			buildSettings = {
				ASSETCATALOG_COMPILER_APPICON_NAME = AppIcon;
				CLANG_ENABLE_MODULES = YES;
				CODE_SIGN_STYLE = Automatic;
				DEVELOPMENT_TEAM = ARXY2PA7PZ;
				FRAMEWORK_SEARCH_PATHS = (
					"$(inherited)",
					"$(PROJECT_DIR)",
				);
				INFOPLIST_FILE = Project2/Info.plist;
				LD_RUNPATH_SEARCH_PATHS = (
					"$(inherited)",
					"@executable_path/Frameworks",
				);
				OTHER_LDFLAGS = (
					"-ObjC",
					"$(inherited)",
				);
				PRODUCT_BUNDLE_IDENTIFIER = Shannn.Project2;
				PRODUCT_NAME = "$(TARGET_NAME)";
				SWIFT_OBJC_BRIDGING_HEADER = "Project2/Project2-Bridging-Header.h";
				SWIFT_OPTIMIZATION_LEVEL = "-Onone";
				SWIFT_VERSION = 4.0;
				TARGETED_DEVICE_FAMILY = "1,2";
			};
			name = Debug;
		};
		090B693B209F03290095B416 /* Release */ = {
			isa = XCBuildConfiguration;
			baseConfigurationReference = 287FE4E269014CC2187CD712 /* Pods-Project2.release.xcconfig */;
			buildSettings = {
				ASSETCATALOG_COMPILER_APPICON_NAME = AppIcon;
				CLANG_ENABLE_MODULES = YES;
				CODE_SIGN_STYLE = Automatic;
				DEVELOPMENT_TEAM = ARXY2PA7PZ;
				FRAMEWORK_SEARCH_PATHS = (
					"$(inherited)",
					"$(PROJECT_DIR)",
				);
				INFOPLIST_FILE = Project2/Info.plist;
				LD_RUNPATH_SEARCH_PATHS = (
					"$(inherited)",
					"@executable_path/Frameworks",
				);
				OTHER_LDFLAGS = (
					"-ObjC",
					"$(inherited)",
				);
				PRODUCT_BUNDLE_IDENTIFIER = Shannn.Project2;
				PRODUCT_NAME = "$(TARGET_NAME)";
				SWIFT_OBJC_BRIDGING_HEADER = "Project2/Project2-Bridging-Header.h";
				SWIFT_VERSION = 4.0;
				TARGETED_DEVICE_FAMILY = "1,2";
			};
			name = Release;
		};
/* End XCBuildConfiguration section */

/* Begin XCConfigurationList section */
		090B690C209F03260095B416 /* Build configuration list for PBXProject "Project2" */ = {
			isa = XCConfigurationList;
			buildConfigurations = (
				090B6937209F03290095B416 /* Debug */,
				090B6938209F03290095B416 /* Release */,
			);
			defaultConfigurationIsVisible = 0;
			defaultConfigurationName = Release;
		};
		090B6939209F03290095B416 /* Build configuration list for PBXNativeTarget "Project2" */ = {
			isa = XCConfigurationList;
			buildConfigurations = (
				090B693A209F03290095B416 /* Debug */,
				090B693B209F03290095B416 /* Release */,
			);
			defaultConfigurationIsVisible = 0;
			defaultConfigurationName = Release;
		};
/* End XCConfigurationList section */
	};
	rootObject = 090B6909209F03260095B416 /* Project object */;
}
