// !$*UTF8*$!
{
	archiveVersion = 1;
	classes = {
	};
	objectVersion = 50;
	objects = {

/* Begin PBXBuildFile section */
		090B6915209F03270095B416 /* AppDelegate.swift in Sources */ = {isa = PBXBuildFile; fileRef = 090B6914209F03270095B416 /* AppDelegate.swift */; };
		090B6917209F03270095B416 /* ViewController.swift in Sources */ = {isa = PBXBuildFile; fileRef = 090B6916209F03270095B416 /* ViewController.swift */; };
		090B691A209F03270095B416 /* Main.storyboard in Resources */ = {isa = PBXBuildFile; fileRef = 090B6918209F03270095B416 /* Main.storyboard */; };
		090B691C209F03290095B416 /* Assets.xcassets in Resources */ = {isa = PBXBuildFile; fileRef = 090B691B209F03290095B416 /* Assets.xcassets */; };
		090B691F209F03290095B416 /* LaunchScreen.storyboard in Resources */ = {isa = PBXBuildFile; fileRef = 090B691D209F03290095B416 /* LaunchScreen.storyboard */; };
		090B692A209F03290095B416 /* Project2Tests.swift in Sources */ = {isa = PBXBuildFile; fileRef = 090B6929209F03290095B416 /* Project2Tests.swift */; };
		090B6935209F03290095B416 /* Project2UITests.swift in Sources */ = {isa = PBXBuildFile; fileRef = 090B6934209F03290095B416 /* Project2UITests.swift */; };
		090B6944209F03D10095B416 /* AVFoundation.framework in Frameworks */ = {isa = PBXBuildFile; fileRef = 090B6943209F03D10095B416 /* AVFoundation.framework */; };
		090B6953209F05040095B416 /* SpotifyAuthentication.framework in Frameworks */ = {isa = PBXBuildFile; fileRef = 090B6950209F05040095B416 /* SpotifyAuthentication.framework */; };
		090B6954209F05040095B416 /* SpotifyMetadata.framework in Frameworks */ = {isa = PBXBuildFile; fileRef = 090B6951209F05040095B416 /* SpotifyMetadata.framework */; };
		090B6955209F05040095B416 /* SpotifyAudioPlayback.framework in Frameworks */ = {isa = PBXBuildFile; fileRef = 090B6952209F05040095B416 /* SpotifyAudioPlayback.framework */; };
/* End PBXBuildFile section */

/* Begin PBXContainerItemProxy section */
		090B6926209F03290095B416 /* PBXContainerItemProxy */ = {
			isa = PBXContainerItemProxy;
			containerPortal = 090B6909209F03260095B416 /* Project object */;
			proxyType = 1;
			remoteGlobalIDString = 090B6910209F03260095B416;
			remoteInfo = Project2;
		};
		090B6931209F03290095B416 /* PBXContainerItemProxy */ = {
			isa = PBXContainerItemProxy;
			containerPortal = 090B6909209F03260095B416 /* Project object */;
			proxyType = 1;
			remoteGlobalIDString = 090B6910209F03260095B416;
			remoteInfo = Project2;
		};
/* End PBXContainerItemProxy section */

/* Begin PBXFileReference section */
		090B6911209F03260095B416 /* Project2.app */ = {isa = PBXFileReference; explicitFileType = wrapper.application; includeInIndex = 0; path = Project2.app; sourceTree = BUILT_PRODUCTS_DIR; };
		090B6914209F03270095B416 /* AppDelegate.swift */ = {isa = PBXFileReference; lastKnownFileType = sourcecode.swift; path = AppDelegate.swift; sourceTree = "<group>"; };
		090B6916209F03270095B416 /* ViewController.swift */ = {isa = PBXFileReference; lastKnownFileType = sourcecode.swift; path = ViewController.swift; sourceTree = "<group>"; };
		090B6919209F03270095B416 /* Base */ = {isa = PBXFileReference; lastKnownFileType = file.storyboard; name = Base; path = Base.lproj/Main.storyboard; sourceTree = "<group>"; };
		090B691B209F03290095B416 /* Assets.xcassets */ = {isa = PBXFileReference; lastKnownFileType = folder.assetcatalog; path = Assets.xcassets; sourceTree = "<group>"; };
		090B691E209F03290095B416 /* Base */ = {isa = PBXFileReference; lastKnownFileType = file.storyboard; name = Base; path = Base.lproj/LaunchScreen.storyboard; sourceTree = "<group>"; };
		090B6920209F03290095B416 /* Info.plist */ = {isa = PBXFileReference; lastKnownFileType = text.plist.xml; path = Info.plist; sourceTree = "<group>"; };
		090B6925209F03290095B416 /* Project2Tests.xctest */ = {isa = PBXFileReference; explicitFileType = wrapper.cfbundle; includeInIndex = 0; path = Project2Tests.xctest; sourceTree = BUILT_PRODUCTS_DIR; };
		090B6929209F03290095B416 /* Project2Tests.swift */ = {isa = PBXFileReference; lastKnownFileType = sourcecode.swift; path = Project2Tests.swift; sourceTree = "<group>"; };
		090B692B209F03290095B416 /* Info.plist */ = {isa = PBXFileReference; lastKnownFileType = text.plist.xml; path = Info.plist; sourceTree = "<group>"; };
		090B6930209F03290095B416 /* Project2UITests.xctest */ = {isa = PBXFileReference; explicitFileType = wrapper.cfbundle; includeInIndex = 0; path = Project2UITests.xctest; sourceTree = BUILT_PRODUCTS_DIR; };
		090B6934209F03290095B416 /* Project2UITests.swift */ = {isa = PBXFileReference; lastKnownFileType = sourcecode.swift; path = Project2UITests.swift; sourceTree = "<group>"; };
		090B6936209F03290095B416 /* Info.plist */ = {isa = PBXFileReference; lastKnownFileType = text.plist.xml; path = Info.plist; sourceTree = "<group>"; };
		090B6943209F03D10095B416 /* AVFoundation.framework */ = {isa = PBXFileReference; lastKnownFileType = wrapper.framework; name = AVFoundation.framework; path = System/Library/Frameworks/AVFoundation.framework; sourceTree = SDKROOT; };
		090B6948209F04550095B416 /* Project2-Bridging-Header.h */ = {isa = PBXFileReference; lastKnownFileType = sourcecode.c.h; path = "Project2-Bridging-Header.h"; sourceTree = "<group>"; };
		090B6950209F05040095B416 /* SpotifyAuthentication.framework */ = {isa = PBXFileReference; lastKnownFileType = wrapper.framework; path = SpotifyAuthentication.framework; sourceTree = "<group>"; };
		090B6951209F05040095B416 /* SpotifyMetadata.framework */ = {isa = PBXFileReference; lastKnownFileType = wrapper.framework; path = SpotifyMetadata.framework; sourceTree = "<group>"; };
		090B6952209F05040095B416 /* SpotifyAudioPlayback.framework */ = {isa = PBXFileReference; lastKnownFileType = wrapper.framework; path = SpotifyAudioPlayback.framework; sourceTree = "<group>"; };
/* End PBXFileReference section */

/* Begin PBXFrameworksBuildPhase section */
		090B690E209F03260095B416 /* Frameworks */ = {
			isa = PBXFrameworksBuildPhase;
			buildActionMask = 2147483647;
			files = (
				090B6944209F03D10095B416 /* AVFoundation.framework in Frameworks */,
				090B6955209F05040095B416 /* SpotifyAudioPlayback.framework in Frameworks */,
				090B6954209F05040095B416 /* SpotifyMetadata.framework in Frameworks */,
				090B6953209F05040095B416 /* SpotifyAuthentication.framework in Frameworks */,
			);
			runOnlyForDeploymentPostprocessing = 0;
		};
		090B6922209F03290095B416 /* Frameworks */ = {
			isa = PBXFrameworksBuildPhase;
			buildActionMask = 2147483647;
			files = (
			);
			runOnlyForDeploymentPostprocessing = 0;
		};
		090B692D209F03290095B416 /* Frameworks */ = {
			isa = PBXFrameworksBuildPhase;
			buildActionMask = 2147483647;
			files = (
			);
			runOnlyForDeploymentPostprocessing = 0;
		};
/* End PBXFrameworksBuildPhase section */

/* Begin PBXGroup section */
		090B6908209F03260095B416 = {
			isa = PBXGroup;
			children = (
				090B6913209F03260095B416 /* Project2 */,
				090B6928209F03290095B416 /* Project2Tests */,
				090B6933209F03290095B416 /* Project2UITests */,
				090B6912209F03260095B416 /* Products */,
				090B6942209F03D10095B416 /* Frameworks */,
			);
			sourceTree = "<group>";
		};
		090B6912209F03260095B416 /* Products */ = {
			isa = PBXGroup;
			children = (
				090B6911209F03260095B416 /* Project2.app */,
				090B6925209F03290095B416 /* Project2Tests.xctest */,
				090B6930209F03290095B416 /* Project2UITests.xctest */,
			);
			name = Products;
			sourceTree = "<group>";
		};
		090B6913209F03260095B416 /* Project2 */ = {
			isa = PBXGroup;
			children = (
				090B694C209F04610095B416 /* Model */,
				090B694D209F04670095B416 /* View */,
				090B694E209F046D0095B416 /* Controller */,
				090B694F209F04860095B416 /* Storyboard */,
				090B691B209F03290095B416 /* Assets.xcassets */,
				090B6914209F03270095B416 /* AppDelegate.swift */,
				090B691D209F03290095B416 /* LaunchScreen.storyboard */,
				090B6920209F03290095B416 /* Info.plist */,
				090B6948209F04550095B416 /* Project2-Bridging-Header.h */,
			);
			path = Project2;
			sourceTree = "<group>";
		};
		090B6928209F03290095B416 /* Project2Tests */ = {
			isa = PBXGroup;
			children = (
				090B6929209F03290095B416 /* Project2Tests.swift */,
				090B692B209F03290095B416 /* Info.plist */,
			);
			path = Project2Tests;
			sourceTree = "<group>";
		};
		090B6933209F03290095B416 /* Project2UITests */ = {
			isa = PBXGroup;
			children = (
				090B6934209F03290095B416 /* Project2UITests.swift */,
				090B6936209F03290095B416 /* Info.plist */,
			);
			path = Project2UITests;
			sourceTree = "<group>";
		};
		090B6942209F03D10095B416 /* Frameworks */ = {
			isa = PBXGroup;
			children = (
				090B6952209F05040095B416 /* SpotifyAudioPlayback.framework */,
				090B6950209F05040095B416 /* SpotifyAuthentication.framework */,
				090B6951209F05040095B416 /* SpotifyMetadata.framework */,
				090B6943209F03D10095B416 /* AVFoundation.framework */,
			);
			name = Frameworks;
			sourceTree = "<group>";
		};
		090B694C209F04610095B416 /* Model */ = {
			isa = PBXGroup;
			children = (
			);
			path = Model;
			sourceTree = "<group>";
		};
		090B694D209F04670095B416 /* View */ = {
			isa = PBXGroup;
			children = (
			);
			path = View;
			sourceTree = "<group>";
		};
		090B694E209F046D0095B416 /* Controller */ = {
			isa = PBXGroup;
			children = (
				090B6916209F03270095B416 /* ViewController.swift */,
			);
			path = Controller;
			sourceTree = "<group>";
		};
		090B694F209F04860095B416 /* Storyboard */ = {
			isa = PBXGroup;
			children = (
				090B6918209F03270095B416 /* Main.storyboard */,
			);
			path = Storyboard;
			sourceTree = "<group>";
		};
/* End PBXGroup section */

/* Begin PBXNativeTarget section */
		090B6910209F03260095B416 /* Project2 */ = {
			isa = PBXNativeTarget;
			buildConfigurationList = 090B6939209F03290095B416 /* Build configuration list for PBXNativeTarget "Project2" */;
			buildPhases = (
				090B690D209F03260095B416 /* Sources */,
				090B690E209F03260095B416 /* Frameworks */,
				090B690F209F03260095B416 /* Resources */,
			);
			buildRules = (
			);
			dependencies = (
			);
			name = Project2;
			productName = Project2;
			productReference = 090B6911209F03260095B416 /* Project2.app */;
			productType = "com.apple.product-type.application";
		};
		090B6924209F03290095B416 /* Project2Tests */ = {
			isa = PBXNativeTarget;
			buildConfigurationList = 090B693C209F03290095B416 /* Build configuration list for PBXNativeTarget "Project2Tests" */;
			buildPhases = (
				090B6921209F03290095B416 /* Sources */,
				090B6922209F03290095B416 /* Frameworks */,
				090B6923209F03290095B416 /* Resources */,
			);
			buildRules = (
			);
			dependencies = (
				090B6927209F03290095B416 /* PBXTargetDependency */,
			);
			name = Project2Tests;
			productName = Project2Tests;
			productReference = 090B6925209F03290095B416 /* Project2Tests.xctest */;
			productType = "com.apple.product-type.bundle.unit-test";
		};
		090B692F209F03290095B416 /* Project2UITests */ = {
			isa = PBXNativeTarget;
			buildConfigurationList = 090B693F209F03290095B416 /* Build configuration list for PBXNativeTarget "Project2UITests" */;
			buildPhases = (
				090B692C209F03290095B416 /* Sources */,
				090B692D209F03290095B416 /* Frameworks */,
				090B692E209F03290095B416 /* Resources */,
			);
			buildRules = (
			);
			dependencies = (
				090B6932209F03290095B416 /* PBXTargetDependency */,
			);
			name = Project2UITests;
			productName = Project2UITests;
			productReference = 090B6930209F03290095B416 /* Project2UITests.xctest */;
			productType = "com.apple.product-type.bundle.ui-testing";
		};
/* End PBXNativeTarget section */

/* Begin PBXProject section */
		090B6909209F03260095B416 /* Project object */ = {
			isa = PBXProject;
			attributes = {
				LastSwiftUpdateCheck = 0930;
				LastUpgradeCheck = 0930;
				ORGANIZATIONNAME = "尚靖";
				TargetAttributes = {
					090B6910209F03260095B416 = {
						CreatedOnToolsVersion = 9.3;
						LastSwiftMigration = 0930;
					};
					090B6924209F03290095B416 = {
						CreatedOnToolsVersion = 9.3;
						TestTargetID = 090B6910209F03260095B416;
					};
					090B692F209F03290095B416 = {
						CreatedOnToolsVersion = 9.3;
						TestTargetID = 090B6910209F03260095B416;
					};
				};
			};
			buildConfigurationList = 090B690C209F03260095B416 /* Build configuration list for PBXProject "Project2" */;
			compatibilityVersion = "Xcode 9.3";
			developmentRegion = en;
			hasScannedForEncodings = 0;
			knownRegions = (
				en,
				Base,
			);
			mainGroup = 090B6908209F03260095B416;
			productRefGroup = 090B6912209F03260095B416 /* Products */;
			projectDirPath = "";
			projectRoot = "";
			targets = (
				090B6910209F03260095B416 /* Project2 */,
				090B6924209F03290095B416 /* Project2Tests */,
				090B692F209F03290095B416 /* Project2UITests */,
			);
		};
/* End PBXProject section */

/* Begin PBXResourcesBuildPhase section */
		090B690F209F03260095B416 /* Resources */ = {
			isa = PBXResourcesBuildPhase;
			buildActionMask = 2147483647;
			files = (
				090B691F209F03290095B416 /* LaunchScreen.storyboard in Resources */,
				090B691C209F03290095B416 /* Assets.xcassets in Resources */,
				090B691A209F03270095B416 /* Main.storyboard in Resources */,
			);
			runOnlyForDeploymentPostprocessing = 0;
		};
		090B6923209F03290095B416 /* Resources */ = {
			isa = PBXResourcesBuildPhase;
			buildActionMask = 2147483647;
			files = (
			);
			runOnlyForDeploymentPostprocessing = 0;
		};
		090B692E209F03290095B416 /* Resources */ = {
			isa = PBXResourcesBuildPhase;
			buildActionMask = 2147483647;
			files = (
			);
			runOnlyForDeploymentPostprocessing = 0;
		};
/* End PBXResourcesBuildPhase section */

/* Begin PBXSourcesBuildPhase section */
		090B690D209F03260095B416 /* Sources */ = {
			isa = PBXSourcesBuildPhase;
			buildActionMask = 2147483647;
			files = (
				090B6917209F03270095B416 /* ViewController.swift in Sources */,
				090B6915209F03270095B416 /* AppDelegate.swift in Sources */,
			);
			runOnlyForDeploymentPostprocessing = 0;
		};
		090B6921209F03290095B416 /* Sources */ = {
			isa = PBXSourcesBuildPhase;
			buildActionMask = 2147483647;
			files = (
				090B692A209F03290095B416 /* Project2Tests.swift in Sources */,
			);
			runOnlyForDeploymentPostprocessing = 0;
		};
		090B692C209F03290095B416 /* Sources */ = {
			isa = PBXSourcesBuildPhase;
			buildActionMask = 2147483647;
			files = (
				090B6935209F03290095B416 /* Project2UITests.swift in Sources */,
			);
			runOnlyForDeploymentPostprocessing = 0;
		};
/* End PBXSourcesBuildPhase section */

/* Begin PBXTargetDependency section */
		090B6927209F03290095B416 /* PBXTargetDependency */ = {
			isa = PBXTargetDependency;
			target = 090B6910209F03260095B416 /* Project2 */;
			targetProxy = 090B6926209F03290095B416 /* PBXContainerItemProxy */;
		};
		090B6932209F03290095B416 /* PBXTargetDependency */ = {
			isa = PBXTargetDependency;
			target = 090B6910209F03260095B416 /* Project2 */;
			targetProxy = 090B6931209F03290095B416 /* PBXContainerItemProxy */;
		};
/* End PBXTargetDependency section */

/* Begin PBXVariantGroup section */
		090B6918209F03270095B416 /* Main.storyboard */ = {
			isa = PBXVariantGroup;
			children = (
				090B6919209F03270095B416 /* Base */,
			);
			name = Main.storyboard;
			sourceTree = "<group>";
		};
		090B691D209F03290095B416 /* LaunchScreen.storyboard */ = {
			isa = PBXVariantGroup;
			children = (
				090B691E209F03290095B416 /* Base */,
			);
			name = LaunchScreen.storyboard;
			sourceTree = "<group>";
		};
/* End PBXVariantGroup section */

/* Begin XCBuildConfiguration section */
		090B6937209F03290095B416 /* Debug */ = {
			isa = XCBuildConfiguration;
			buildSettings = {
				ALWAYS_SEARCH_USER_PATHS = NO;
				CLANG_ANALYZER_NONNULL = YES;
				CLANG_ANALYZER_NUMBER_OBJECT_CONVERSION = YES_AGGRESSIVE;
				CLANG_CXX_LANGUAGE_STANDARD = "gnu++14";
				CLANG_CXX_LIBRARY = "libc++";
				CLANG_ENABLE_MODULES = YES;
				CLANG_ENABLE_OBJC_ARC = YES;
				CLANG_ENABLE_OBJC_WEAK = YES;
				CLANG_WARN_BLOCK_CAPTURE_AUTORELEASING = YES;
				CLANG_WARN_BOOL_CONVERSION = YES;
				CLANG_WARN_COMMA = YES;
				CLANG_WARN_CONSTANT_CONVERSION = YES;
				CLANG_WARN_DEPRECATED_OBJC_IMPLEMENTATIONS = YES;
				CLANG_WARN_DIRECT_OBJC_ISA_USAGE = YES_ERROR;
				CLANG_WARN_DOCUMENTATION_COMMENTS = YES;
				CLANG_WARN_EMPTY_BODY = YES;
				CLANG_WARN_ENUM_CONVERSION = YES;
				CLANG_WARN_INFINITE_RECURSION = YES;
				CLANG_WARN_INT_CONVERSION = YES;
				CLANG_WARN_NON_LITERAL_NULL_CONVERSION = YES;
				CLANG_WARN_OBJC_IMPLICIT_RETAIN_SELF = YES;
				CLANG_WARN_OBJC_LITERAL_CONVERSION = YES;
				CLANG_WARN_OBJC_ROOT_CLASS = YES_ERROR;
				CLANG_WARN_RANGE_LOOP_ANALYSIS = YES;
				CLANG_WARN_STRICT_PROTOTYPES = YES;
				CLANG_WARN_SUSPICIOUS_MOVE = YES;
				CLANG_WARN_UNGUARDED_AVAILABILITY = YES_AGGRESSIVE;
				CLANG_WARN_UNREACHABLE_CODE = YES;
				CLANG_WARN__DUPLICATE_METHOD_MATCH = YES;
				CODE_SIGN_IDENTITY = "iPhone Developer";
				COPY_PHASE_STRIP = NO;
				DEBUG_INFORMATION_FORMAT = dwarf;
				ENABLE_STRICT_OBJC_MSGSEND = YES;
				ENABLE_TESTABILITY = YES;
				GCC_C_LANGUAGE_STANDARD = gnu11;
				GCC_DYNAMIC_NO_PIC = NO;
				GCC_NO_COMMON_BLOCKS = YES;
				GCC_OPTIMIZATION_LEVEL = 0;
				GCC_PREPROCESSOR_DEFINITIONS = (
					"DEBUG=1",
					"$(inherited)",
				);
				GCC_WARN_64_TO_32_BIT_CONVERSION = YES;
				GCC_WARN_ABOUT_RETURN_TYPE = YES_ERROR;
				GCC_WARN_UNDECLARED_SELECTOR = YES;
				GCC_WARN_UNINITIALIZED_AUTOS = YES_AGGRESSIVE;
				GCC_WARN_UNUSED_FUNCTION = YES;
				GCC_WARN_UNUSED_VARIABLE = YES;
				IPHONEOS_DEPLOYMENT_TARGET = 11.3;
				MTL_ENABLE_DEBUG_INFO = YES;
				ONLY_ACTIVE_ARCH = YES;
				SDKROOT = iphoneos;
				SWIFT_ACTIVE_COMPILATION_CONDITIONS = DEBUG;
				SWIFT_OPTIMIZATION_LEVEL = "-Onone";
			};
			name = Debug;
		};
		090B6938209F03290095B416 /* Release */ = {
			isa = XCBuildConfiguration;
			buildSettings = {
				ALWAYS_SEARCH_USER_PATHS = NO;
				CLANG_ANALYZER_NONNULL = YES;
				CLANG_ANALYZER_NUMBER_OBJECT_CONVERSION = YES_AGGRESSIVE;
				CLANG_CXX_LANGUAGE_STANDARD = "gnu++14";
				CLANG_CXX_LIBRARY = "libc++";
				CLANG_ENABLE_MODULES = YES;
				CLANG_ENABLE_OBJC_ARC = YES;
				CLANG_ENABLE_OBJC_WEAK = YES;
				CLANG_WARN_BLOCK_CAPTURE_AUTORELEASING = YES;
				CLANG_WARN_BOOL_CONVERSION = YES;
				CLANG_WARN_COMMA = YES;
				CLANG_WARN_CONSTANT_CONVERSION = YES;
				CLANG_WARN_DEPRECATED_OBJC_IMPLEMENTATIONS = YES;
				CLANG_WARN_DIRECT_OBJC_ISA_USAGE = YES_ERROR;
				CLANG_WARN_DOCUMENTATION_COMMENTS = YES;
				CLANG_WARN_EMPTY_BODY = YES;
				CLANG_WARN_ENUM_CONVERSION = YES;
				CLANG_WARN_INFINITE_RECURSION = YES;
				CLANG_WARN_INT_CONVERSION = YES;
				CLANG_WARN_NON_LITERAL_NULL_CONVERSION = YES;
				CLANG_WARN_OBJC_IMPLICIT_RETAIN_SELF = YES;
				CLANG_WARN_OBJC_LITERAL_CONVERSION = YES;
				CLANG_WARN_OBJC_ROOT_CLASS = YES_ERROR;
				CLANG_WARN_RANGE_LOOP_ANALYSIS = YES;
				CLANG_WARN_STRICT_PROTOTYPES = YES;
				CLANG_WARN_SUSPICIOUS_MOVE = YES;
				CLANG_WARN_UNGUARDED_AVAILABILITY = YES_AGGRESSIVE;
				CLANG_WARN_UNREACHABLE_CODE = YES;
				CLANG_WARN__DUPLICATE_METHOD_MATCH = YES;
				CODE_SIGN_IDENTITY = "iPhone Developer";
				COPY_PHASE_STRIP = NO;
				DEBUG_INFORMATION_FORMAT = "dwarf-with-dsym";
				ENABLE_NS_ASSERTIONS = NO;
				ENABLE_STRICT_OBJC_MSGSEND = YES;
				GCC_C_LANGUAGE_STANDARD = gnu11;
				GCC_NO_COMMON_BLOCKS = YES;
				GCC_WARN_64_TO_32_BIT_CONVERSION = YES;
				GCC_WARN_ABOUT_RETURN_TYPE = YES_ERROR;
				GCC_WARN_UNDECLARED_SELECTOR = YES;
				GCC_WARN_UNINITIALIZED_AUTOS = YES_AGGRESSIVE;
				GCC_WARN_UNUSED_FUNCTION = YES;
				GCC_WARN_UNUSED_VARIABLE = YES;
				IPHONEOS_DEPLOYMENT_TARGET = 11.3;
				MTL_ENABLE_DEBUG_INFO = NO;
				SDKROOT = iphoneos;
				SWIFT_COMPILATION_MODE = wholemodule;
				SWIFT_OPTIMIZATION_LEVEL = "-O";
				VALIDATE_PRODUCT = YES;
			};
			name = Release;
		};
		090B693A209F03290095B416 /* Debug */ = {
			isa = XCBuildConfiguration;
			buildSettings = {
				ASSETCATALOG_COMPILER_APPICON_NAME = AppIcon;
				CLANG_ENABLE_MODULES = YES;
				CODE_SIGN_STYLE = Automatic;
				DEVELOPMENT_TEAM = ARXY2PA7PZ;
				FRAMEWORK_SEARCH_PATHS = (
					"$(inherited)",
					"$(PROJECT_DIR)",
				);
				INFOPLIST_FILE = Project2/Info.plist;
				LD_RUNPATH_SEARCH_PATHS = (
					"$(inherited)",
					"@executable_path/Frameworks",
				);
				OTHER_LDFLAGS = "-ObjC";
				PRODUCT_BUNDLE_IDENTIFIER = Shannn.Project2;
				PRODUCT_NAME = "$(TARGET_NAME)";
				SWIFT_OBJC_BRIDGING_HEADER = "Project2/Project2-Bridging-Header.h";
				SWIFT_OPTIMIZATION_LEVEL = "-Onone";
				SWIFT_VERSION = 4.0;
				TARGETED_DEVICE_FAMILY = "1,2";
			};
			name = Debug;
		};
		090B693B209F03290095B416 /* Release */ = {
			isa = XCBuildConfiguration;
			buildSettings = {
				ASSETCATALOG_COMPILER_APPICON_NAME = AppIcon;
				CLANG_ENABLE_MODULES = YES;
				CODE_SIGN_STYLE = Automatic;
				DEVELOPMENT_TEAM = ARXY2PA7PZ;
				FRAMEWORK_SEARCH_PATHS = (
					"$(inherited)",
					"$(PROJECT_DIR)",
				);
				INFOPLIST_FILE = Project2/Info.plist;
				LD_RUNPATH_SEARCH_PATHS = (
					"$(inherited)",
					"@executable_path/Frameworks",
				);
				OTHER_LDFLAGS = "-ObjC";
				PRODUCT_BUNDLE_IDENTIFIER = Shannn.Project2;
				PRODUCT_NAME = "$(TARGET_NAME)";
				SWIFT_OBJC_BRIDGING_HEADER = "Project2/Project2-Bridging-Header.h";
				SWIFT_VERSION = 4.0;
				TARGETED_DEVICE_FAMILY = "1,2";
			};
			name = Release;
		};
		090B693D209F03290095B416 /* Debug */ = {
			isa = XCBuildConfiguration;
			buildSettings = {
				ALWAYS_EMBED_SWIFT_STANDARD_LIBRARIES = YES;
				BUNDLE_LOADER = "$(TEST_HOST)";
				CODE_SIGN_STYLE = Automatic;
				DEVELOPMENT_TEAM = ARXY2PA7PZ;
				INFOPLIST_FILE = Project2Tests/Info.plist;
				LD_RUNPATH_SEARCH_PATHS = (
					"$(inherited)",
					"@executable_path/Frameworks",
					"@loader_path/Frameworks",
				);
				PRODUCT_BUNDLE_IDENTIFIER = Shannn.Project2Tests;
				PRODUCT_NAME = "$(TARGET_NAME)";
				SWIFT_VERSION = 4.0;
				TARGETED_DEVICE_FAMILY = "1,2";
				TEST_HOST = "$(BUILT_PRODUCTS_DIR)/Project2.app/Project2";
			};
			name = Debug;
		};
		090B693E209F03290095B416 /* Release */ = {
			isa = XCBuildConfiguration;
			buildSettings = {
				ALWAYS_EMBED_SWIFT_STANDARD_LIBRARIES = YES;
				BUNDLE_LOADER = "$(TEST_HOST)";
				CODE_SIGN_STYLE = Automatic;
				DEVELOPMENT_TEAM = ARXY2PA7PZ;
				INFOPLIST_FILE = Project2Tests/Info.plist;
				LD_RUNPATH_SEARCH_PATHS = (
					"$(inherited)",
					"@executable_path/Frameworks",
					"@loader_path/Frameworks",
				);
				PRODUCT_BUNDLE_IDENTIFIER = Shannn.Project2Tests;
				PRODUCT_NAME = "$(TARGET_NAME)";
				SWIFT_VERSION = 4.0;
				TARGETED_DEVICE_FAMILY = "1,2";
				TEST_HOST = "$(BUILT_PRODUCTS_DIR)/Project2.app/Project2";
			};
			name = Release;
		};
		090B6940209F03290095B416 /* Debug */ = {
			isa = XCBuildConfiguration;
			buildSettings = {
				ALWAYS_EMBED_SWIFT_STANDARD_LIBRARIES = YES;
				CODE_SIGN_STYLE = Automatic;
				DEVELOPMENT_TEAM = ARXY2PA7PZ;
				INFOPLIST_FILE = Project2UITests/Info.plist;
				LD_RUNPATH_SEARCH_PATHS = (
					"$(inherited)",
					"@executable_path/Frameworks",
					"@loader_path/Frameworks",
				);
				PRODUCT_BUNDLE_IDENTIFIER = Shannn.Project2UITests;
				PRODUCT_NAME = "$(TARGET_NAME)";
				SWIFT_VERSION = 4.0;
				TARGETED_DEVICE_FAMILY = "1,2";
				TEST_TARGET_NAME = Project2;
			};
			name = Debug;
		};
		090B6941209F03290095B416 /* Release */ = {
			isa = XCBuildConfiguration;
			buildSettings = {
				ALWAYS_EMBED_SWIFT_STANDARD_LIBRARIES = YES;
				CODE_SIGN_STYLE = Automatic;
				DEVELOPMENT_TEAM = ARXY2PA7PZ;
				INFOPLIST_FILE = Project2UITests/Info.plist;
				LD_RUNPATH_SEARCH_PATHS = (
					"$(inherited)",
					"@executable_path/Frameworks",
					"@loader_path/Frameworks",
				);
				PRODUCT_BUNDLE_IDENTIFIER = Shannn.Project2UITests;
				PRODUCT_NAME = "$(TARGET_NAME)";
				SWIFT_VERSION = 4.0;
				TARGETED_DEVICE_FAMILY = "1,2";
				TEST_TARGET_NAME = Project2;
			};
			name = Release;
		};
/* End XCBuildConfiguration section */

/* Begin XCConfigurationList section */
		090B690C209F03260095B416 /* Build configuration list for PBXProject "Project2" */ = {
			isa = XCConfigurationList;
			buildConfigurations = (
				090B6937209F03290095B416 /* Debug */,
				090B6938209F03290095B416 /* Release */,
			);
			defaultConfigurationIsVisible = 0;
			defaultConfigurationName = Release;
		};
		090B6939209F03290095B416 /* Build configuration list for PBXNativeTarget "Project2" */ = {
			isa = XCConfigurationList;
			buildConfigurations = (
				090B693A209F03290095B416 /* Debug */,
				090B693B209F03290095B416 /* Release */,
			);
			defaultConfigurationIsVisible = 0;
			defaultConfigurationName = Release;
		};
		090B693C209F03290095B416 /* Build configuration list for PBXNativeTarget "Project2Tests" */ = {
			isa = XCConfigurationList;
			buildConfigurations = (
				090B693D209F03290095B416 /* Debug */,
				090B693E209F03290095B416 /* Release */,
			);
			defaultConfigurationIsVisible = 0;
			defaultConfigurationName = Release;
		};
		090B693F209F03290095B416 /* Build configuration list for PBXNativeTarget "Project2UITests" */ = {
			isa = XCConfigurationList;
			buildConfigurations = (
				090B6940209F03290095B416 /* Debug */,
				090B6941209F03290095B416 /* Release */,
			);
			defaultConfigurationIsVisible = 0;
			defaultConfigurationName = Release;
		};
/* End XCConfigurationList section */
	};
	rootObject = 090B6909209F03260095B416 /* Project object */;
}
